// !$*UTF8*$!
{
	archiveVersion = 1;
	classes = {
	};
	objectVersion = 46;
	objects = {

/* Begin PBXBuildFile section */
		04283BB31DC1EB4A0064828E /* AppDelegate.swift in Sources */ = {isa = PBXBuildFile; fileRef = 04283BB21DC1EB4A0064828E /* AppDelegate.swift */; };
		04283BB81DC1EB4A0064828E /* Main.storyboard in Resources */ = {isa = PBXBuildFile; fileRef = 04283BB61DC1EB4A0064828E /* Main.storyboard */; };
		04283BBA1DC1EB4A0064828E /* Assets.xcassets in Resources */ = {isa = PBXBuildFile; fileRef = 04283BB91DC1EB4A0064828E /* Assets.xcassets */; };
		04283BBD1DC1EB4A0064828E /* LaunchScreen.storyboard in Resources */ = {isa = PBXBuildFile; fileRef = 04283BBB1DC1EB4A0064828E /* LaunchScreen.storyboard */; };
		0498FC9C1DC49F230048CBD9 /* Home.storyboard in Resources */ = {isa = PBXBuildFile; fileRef = 0498FC9A1DC49F230048CBD9 /* Home.storyboard */; };
		0498FCA21DC49FE70048CBD9 /* Follow.storyboard in Resources */ = {isa = PBXBuildFile; fileRef = 0498FCA01DC49FE70048CBD9 /* Follow.storyboard */; };
		0498FCA61DC49FF60048CBD9 /* Live.storyboard in Resources */ = {isa = PBXBuildFile; fileRef = 0498FCA41DC49FF60048CBD9 /* Live.storyboard */; };
		0498FCAA1DC4A0030048CBD9 /* Profile.storyboard in Resources */ = {isa = PBXBuildFile; fileRef = 0498FCA81DC4A0030048CBD9 /* Profile.storyboard */; };
		0498FCAD1DC4A1160048CBD9 /* YZMainTabbarVC.swift in Sources */ = {isa = PBXBuildFile; fileRef = 0498FCAC1DC4A1160048CBD9 /* YZMainTabbarVC.swift */; };
		0498FCAF1DC4D1BF0048CBD9 /* YZHomeVC.swift in Sources */ = {isa = PBXBuildFile; fileRef = 0498FCAE1DC4D1BF0048CBD9 /* YZHomeVC.swift */; };
		0498FCB31DC4E3630048CBD9 /* UIBarButtonItem+Extention.swift in Sources */ = {isa = PBXBuildFile; fileRef = 0498FCB21DC4E3630048CBD9 /* UIBarButtonItem+Extention.swift */; };
		04C769871DC5A70A00E0C765 /* YZPageTitleView.swift in Sources */ = {isa = PBXBuildFile; fileRef = 04C769861DC5A70A00E0C765 /* YZPageTitleView.swift */; };
		04C769891DC5A9A200E0C765 /* Common.swift in Sources */ = {isa = PBXBuildFile; fileRef = 04C769881DC5A9A200E0C765 /* Common.swift */; };
/* End PBXBuildFile section */

/* Begin PBXFileReference section */
		04283BAF1DC1EB4A0064828E /* huacaizhibo.app */ = {isa = PBXFileReference; explicitFileType = wrapper.application; includeInIndex = 0; path = huacaizhibo.app; sourceTree = BUILT_PRODUCTS_DIR; };
		04283BB21DC1EB4A0064828E /* AppDelegate.swift */ = {isa = PBXFileReference; lastKnownFileType = sourcecode.swift; path = AppDelegate.swift; sourceTree = "<group>"; };
		04283BB71DC1EB4A0064828E /* Base */ = {isa = PBXFileReference; lastKnownFileType = file.storyboard; name = Base; path = Base.lproj/Main.storyboard; sourceTree = "<group>"; };
		04283BB91DC1EB4A0064828E /* Assets.xcassets */ = {isa = PBXFileReference; lastKnownFileType = folder.assetcatalog; path = Assets.xcassets; sourceTree = "<group>"; };
		04283BBC1DC1EB4A0064828E /* Base */ = {isa = PBXFileReference; lastKnownFileType = file.storyboard; name = Base; path = Base.lproj/LaunchScreen.storyboard; sourceTree = "<group>"; };
		04283BBE1DC1EB4A0064828E /* Info.plist */ = {isa = PBXFileReference; lastKnownFileType = text.plist.xml; path = Info.plist; sourceTree = "<group>"; };
		0498FC9A1DC49F230048CBD9 /* Home.storyboard */ = {isa = PBXFileReference; fileEncoding = 4; lastKnownFileType = file.storyboard; path = Home.storyboard; sourceTree = "<group>"; };
		0498FCA01DC49FE70048CBD9 /* Follow.storyboard */ = {isa = PBXFileReference; fileEncoding = 4; lastKnownFileType = file.storyboard; path = Follow.storyboard; sourceTree = "<group>"; };
		0498FCA41DC49FF60048CBD9 /* Live.storyboard */ = {isa = PBXFileReference; fileEncoding = 4; lastKnownFileType = file.storyboard; path = Live.storyboard; sourceTree = "<group>"; };
		0498FCA81DC4A0030048CBD9 /* Profile.storyboard */ = {isa = PBXFileReference; fileEncoding = 4; lastKnownFileType = file.storyboard; path = Profile.storyboard; sourceTree = "<group>"; };
		0498FCAC1DC4A1160048CBD9 /* YZMainTabbarVC.swift */ = {isa = PBXFileReference; fileEncoding = 4; lastKnownFileType = sourcecode.swift; name = YZMainTabbarVC.swift; path = ../YZMainTabbarVC.swift; sourceTree = "<group>"; };
		0498FCAE1DC4D1BF0048CBD9 /* YZHomeVC.swift */ = {isa = PBXFileReference; fileEncoding = 4; lastKnownFileType = sourcecode.swift; path = YZHomeVC.swift; sourceTree = "<group>"; };
		0498FCB21DC4E3630048CBD9 /* UIBarButtonItem+Extention.swift */ = {isa = PBXFileReference; fileEncoding = 4; lastKnownFileType = sourcecode.swift; path = "UIBarButtonItem+Extention.swift"; sourceTree = "<group>"; };
		04C769861DC5A70A00E0C765 /* YZPageTitleView.swift */ = {isa = PBXFileReference; fileEncoding = 4; lastKnownFileType = sourcecode.swift; path = YZPageTitleView.swift; sourceTree = "<group>"; };
		04C769881DC5A9A200E0C765 /* Common.swift */ = {isa = PBXFileReference; fileEncoding = 4; lastKnownFileType = sourcecode.swift; path = Common.swift; sourceTree = "<group>"; };
/* End PBXFileReference section */

/* Begin PBXFrameworksBuildPhase section */
		04283BAC1DC1EB4A0064828E /* Frameworks */ = {
			isa = PBXFrameworksBuildPhase;
			buildActionMask = 2147483647;
			files = (
			);
			runOnlyForDeploymentPostprocessing = 0;
		};
/* End PBXFrameworksBuildPhase section */

/* Begin PBXGroup section */
		04283BA61DC1EB4A0064828E = {
			isa = PBXGroup;
			children = (
				04283BB11DC1EB4A0064828E /* huacaizhibo */,
				04283BB01DC1EB4A0064828E /* Products */,
			);
			sourceTree = "<group>";
		};
		04283BB01DC1EB4A0064828E /* Products */ = {
			isa = PBXGroup;
			children = (
				04283BAF1DC1EB4A0064828E /* huacaizhibo.app */,
			);
			name = Products;
			sourceTree = "<group>";
		};
		04283BB11DC1EB4A0064828E /* huacaizhibo */ = {
			isa = PBXGroup;
			children = (
				04A27D5A1DC48FE90086C19D /* Classes */,
				04283BB21DC1EB4A0064828E /* AppDelegate.swift */,
				04283BB91DC1EB4A0064828E /* Assets.xcassets */,
				04283BBB1DC1EB4A0064828E /* LaunchScreen.storyboard */,
				04283BBE1DC1EB4A0064828E /* Info.plist */,
			);
			path = huacaizhibo;
			sourceTree = "<group>";
		};
		04A27D5A1DC48FE90086C19D /* Classes */ = {
			isa = PBXGroup;
			children = (
				04A27D671DC48FE90086C19D /* Main */,
				04A27D5F1DC48FE90086C19D /* Home */,
				04A27D631DC48FE90086C19D /* Live */,
				04A27D5B1DC48FE90086C19D /* Follow */,
				04A27D6B1DC48FE90086C19D /* Profile */,
				04A27D6F1DC48FE90086C19D /* Tools */,
			);
			path = Classes;
			sourceTree = "<group>";
		};
		04A27D5B1DC48FE90086C19D /* Follow */ = {
			isa = PBXGroup;
			children = (
				0498FCA01DC49FE70048CBD9 /* Follow.storyboard */,
				04A27D5C1DC48FE90086C19D /* contoller */,
				04A27D5D1DC48FE90086C19D /* model */,
				04A27D5E1DC48FE90086C19D /* view */,
			);
			path = Follow;
			sourceTree = "<group>";
		};
		04A27D5C1DC48FE90086C19D /* contoller */ = {
			isa = PBXGroup;
			children = (
			);
			path = contoller;
			sourceTree = "<group>";
		};
		04A27D5D1DC48FE90086C19D /* model */ = {
			isa = PBXGroup;
			children = (
			);
			path = model;
			sourceTree = "<group>";
		};
		04A27D5E1DC48FE90086C19D /* view */ = {
			isa = PBXGroup;
			children = (
			);
			path = view;
			sourceTree = "<group>";
		};
		04A27D5F1DC48FE90086C19D /* Home */ = {
			isa = PBXGroup;
			children = (
				0498FC9A1DC49F230048CBD9 /* Home.storyboard */,
				04A27D601DC48FE90086C19D /* contoller */,
				04A27D611DC48FE90086C19D /* model */,
				04A27D621DC48FE90086C19D /* view */,
			);
			path = Home;
			sourceTree = "<group>";
		};
		04A27D601DC48FE90086C19D /* contoller */ = {
			isa = PBXGroup;
			children = (
				0498FCAE1DC4D1BF0048CBD9 /* YZHomeVC.swift */,
			);
			path = contoller;
			sourceTree = "<group>";
		};
		04A27D611DC48FE90086C19D /* model */ = {
			isa = PBXGroup;
			children = (
			);
			path = model;
			sourceTree = "<group>";
		};
		04A27D621DC48FE90086C19D /* view */ = {
			isa = PBXGroup;
			children = (
			);
			path = view;
			sourceTree = "<group>";
		};
		04A27D631DC48FE90086C19D /* Live */ = {
			isa = PBXGroup;
			children = (
				0498FCA41DC49FF60048CBD9 /* Live.storyboard */,
				04A27D641DC48FE90086C19D /* contoller */,
				04A27D651DC48FE90086C19D /* model */,
				04A27D661DC48FE90086C19D /* view */,
			);
			path = Live;
			sourceTree = "<group>";
		};
		04A27D641DC48FE90086C19D /* contoller */ = {
			isa = PBXGroup;
			children = (
			);
			path = contoller;
			sourceTree = "<group>";
		};
		04A27D651DC48FE90086C19D /* model */ = {
			isa = PBXGroup;
			children = (
			);
			path = model;
			sourceTree = "<group>";
		};
		04A27D661DC48FE90086C19D /* view */ = {
			isa = PBXGroup;
			children = (
			);
			path = view;
			sourceTree = "<group>";
		};
		04A27D671DC48FE90086C19D /* Main */ = {
			isa = PBXGroup;
			children = (
				04283BB61DC1EB4A0064828E /* Main.storyboard */,
				04A27D681DC48FE90086C19D /* contoller */,
				04A27D691DC48FE90086C19D /* model */,
				04A27D6A1DC48FE90086C19D /* view */,
			);
			path = Main;
			sourceTree = "<group>";
		};
		04A27D681DC48FE90086C19D /* contoller */ = {
			isa = PBXGroup;
			children = (
				0498FCAC1DC4A1160048CBD9 /* YZMainTabbarVC.swift */,
			);
			path = contoller;
			sourceTree = "<group>";
		};
		04A27D691DC48FE90086C19D /* model */ = {
			isa = PBXGroup;
			children = (
			);
			path = model;
			sourceTree = "<group>";
		};
		04A27D6A1DC48FE90086C19D /* view */ = {
			isa = PBXGroup;
			children = (
				04C769861DC5A70A00E0C765 /* YZPageTitleView.swift */,
			);
			path = view;
			sourceTree = "<group>";
		};
		04A27D6B1DC48FE90086C19D /* Profile */ = {
			isa = PBXGroup;
			children = (
				0498FCA81DC4A0030048CBD9 /* Profile.storyboard */,
				04A27D6C1DC48FE90086C19D /* contoller */,
				04A27D6D1DC48FE90086C19D /* model */,
				04A27D6E1DC48FE90086C19D /* view */,
			);
			path = Profile;
			sourceTree = "<group>";
		};
		04A27D6C1DC48FE90086C19D /* contoller */ = {
			isa = PBXGroup;
			children = (
			);
			path = contoller;
			sourceTree = "<group>";
		};
		04A27D6D1DC48FE90086C19D /* model */ = {
			isa = PBXGroup;
			children = (
			);
			path = model;
			sourceTree = "<group>";
		};
		04A27D6E1DC48FE90086C19D /* view */ = {
			isa = PBXGroup;
			children = (
			);
			path = view;
			sourceTree = "<group>";
		};
		04A27D6F1DC48FE90086C19D /* Tools */ = {
			isa = PBXGroup;
			children = (
				0498FCB21DC4E3630048CBD9 /* UIBarButtonItem+Extention.swift */,
				04C769881DC5A9A200E0C765 /* Common.swift */,
			);
			path = Tools;
			sourceTree = "<group>";
		};
/* End PBXGroup section */

/* Begin PBXNativeTarget section */
		04283BAE1DC1EB4A0064828E /* huacaizhibo */ = {
			isa = PBXNativeTarget;
			buildConfigurationList = 04283BC11DC1EB4A0064828E /* Build configuration list for PBXNativeTarget "huacaizhibo" */;
			buildPhases = (
				04283BAB1DC1EB4A0064828E /* Sources */,
				04283BAC1DC1EB4A0064828E /* Frameworks */,
				04283BAD1DC1EB4A0064828E /* Resources */,
			);
			buildRules = (
			);
			dependencies = (
			);
			name = huacaizhibo;
			productName = huacaizhibo;
			productReference = 04283BAF1DC1EB4A0064828E /* huacaizhibo.app */;
			productType = "com.apple.product-type.application";
		};
/* End PBXNativeTarget section */

/* Begin PBXProject section */
		04283BA71DC1EB4A0064828E /* Project object */ = {
			isa = PBXProject;
			attributes = {
				CLASSPREFIX = YZ;
				LastSwiftUpdateCheck = 0800;
				LastUpgradeCheck = 0810;
				ORGANIZATIONNAME = julia;
				TargetAttributes = {
					04283BAE1DC1EB4A0064828E = {
						CreatedOnToolsVersion = 8.0;
						ProvisioningStyle = Automatic;
					};
				};
			};
			buildConfigurationList = 04283BAA1DC1EB4A0064828E /* Build configuration list for PBXProject "huacaizhibo" */;
			compatibilityVersion = "Xcode 3.2";
			developmentRegion = English;
			hasScannedForEncodings = 0;
			knownRegions = (
				en,
				Base,
			);
			mainGroup = 04283BA61DC1EB4A0064828E;
			productRefGroup = 04283BB01DC1EB4A0064828E /* Products */;
			projectDirPath = "";
			projectRoot = "";
			targets = (
				04283BAE1DC1EB4A0064828E /* huacaizhibo */,
			);
		};
/* End PBXProject section */

/* Begin PBXResourcesBuildPhase section */
		04283BAD1DC1EB4A0064828E /* Resources */ = {
			isa = PBXResourcesBuildPhase;
			buildActionMask = 2147483647;
			files = (
				0498FC9C1DC49F230048CBD9 /* Home.storyboard in Resources */,
				04283BBD1DC1EB4A0064828E /* LaunchScreen.storyboard in Resources */,
				0498FCAA1DC4A0030048CBD9 /* Profile.storyboard in Resources */,
				04283BBA1DC1EB4A0064828E /* Assets.xcassets in Resources */,
				04283BB81DC1EB4A0064828E /* Main.storyboard in Resources */,
				0498FCA21DC49FE70048CBD9 /* Follow.storyboard in Resources */,
				0498FCA61DC49FF60048CBD9 /* Live.storyboard in Resources */,
			);
			runOnlyForDeploymentPostprocessing = 0;
		};
/* End PBXResourcesBuildPhase section */

/* Begin PBXSourcesBuildPhase section */
		04283BAB1DC1EB4A0064828E /* Sources */ = {
			isa = PBXSourcesBuildPhase;
			buildActionMask = 2147483647;
			files = (
				0498FCAF1DC4D1BF0048CBD9 /* YZHomeVC.swift in Sources */,
				0498FCB31DC4E3630048CBD9 /* UIBarButtonItem+Extention.swift in Sources */,
				0498FCAD1DC4A1160048CBD9 /* YZMainTabbarVC.swift in Sources */,
				04C769871DC5A70A00E0C765 /* YZPageTitleView.swift in Sources */,
				04C769891DC5A9A200E0C765 /* Common.swift in Sources */,
				04283BB31DC1EB4A0064828E /* AppDelegate.swift in Sources */,
			);
			runOnlyForDeploymentPostprocessing = 0;
		};
/* End PBXSourcesBuildPhase section */

/* Begin PBXVariantGroup section */
		04283BB61DC1EB4A0064828E /* Main.storyboard */ = {
			isa = PBXVariantGroup;
			children = (
				04283BB71DC1EB4A0064828E /* Base */,
			);
			name = Main.storyboard;
			path = ../..;
			sourceTree = "<group>";
		};
		04283BBB1DC1EB4A0064828E /* LaunchScreen.storyboard */ = {
			isa = PBXVariantGroup;
			children = (
				04283BBC1DC1EB4A0064828E /* Base */,
			);
			name = LaunchScreen.storyboard;
			sourceTree = "<group>";
		};
/* End PBXVariantGroup section */

/* Begin XCBuildConfiguration section */
		04283BBF1DC1EB4A0064828E /* Debug */ = {
			isa = XCBuildConfiguration;
			buildSettings = {
				ALWAYS_SEARCH_USER_PATHS = NO;
				CLANG_ANALYZER_NONNULL = YES;
				CLANG_CXX_LANGUAGE_STANDARD = "gnu++0x";
				CLANG_CXX_LIBRARY = "libc++";
				CLANG_ENABLE_MODULES = YES;
				CLANG_ENABLE_OBJC_ARC = YES;
				CLANG_WARN_BOOL_CONVERSION = YES;
				CLANG_WARN_CONSTANT_CONVERSION = YES;
				CLANG_WARN_DIRECT_OBJC_ISA_USAGE = YES_ERROR;
				CLANG_WARN_DOCUMENTATION_COMMENTS = YES;
				CLANG_WARN_EMPTY_BODY = YES;
				CLANG_WARN_ENUM_CONVERSION = YES;
				CLANG_WARN_INFINITE_RECURSION = YES;
				CLANG_WARN_INT_CONVERSION = YES;
				CLANG_WARN_OBJC_ROOT_CLASS = YES_ERROR;
				CLANG_WARN_SUSPICIOUS_MOVE = YES;
				CLANG_WARN_SUSPICIOUS_MOVES = YES;
				CLANG_WARN_UNREACHABLE_CODE = YES;
				CLANG_WARN__DUPLICATE_METHOD_MATCH = YES;
				"CODE_SIGN_IDENTITY[sdk=iphoneos*]" = "iPhone Developer";
				COPY_PHASE_STRIP = NO;
				DEBUG_INFORMATION_FORMAT = dwarf;
				ENABLE_STRICT_OBJC_MSGSEND = YES;
				ENABLE_TESTABILITY = YES;
				GCC_C_LANGUAGE_STANDARD = gnu99;
				GCC_DYNAMIC_NO_PIC = NO;
				GCC_NO_COMMON_BLOCKS = YES;
				GCC_OPTIMIZATION_LEVEL = 0;
				GCC_PREPROCESSOR_DEFINITIONS = (
					"DEBUG=1",
					"$(inherited)",
				);
				GCC_WARN_64_TO_32_BIT_CONVERSION = YES;
				GCC_WARN_ABOUT_RETURN_TYPE = YES_ERROR;
				GCC_WARN_UNDECLARED_SELECTOR = YES;
				GCC_WARN_UNINITIALIZED_AUTOS = YES_AGGRESSIVE;
				GCC_WARN_UNUSED_FUNCTION = YES;
				GCC_WARN_UNUSED_VARIABLE = YES;
				IPHONEOS_DEPLOYMENT_TARGET = 9.0;
				MTL_ENABLE_DEBUG_INFO = YES;
				ONLY_ACTIVE_ARCH = YES;
				SDKROOT = iphoneos;
				SWIFT_ACTIVE_COMPILATION_CONDITIONS = DEBUG;
				SWIFT_OPTIMIZATION_LEVEL = "-Onone";
			};
			name = Debug;
		};
		04283BC01DC1EB4A0064828E /* Release */ = {
			isa = XCBuildConfiguration;
			buildSettings = {
				ALWAYS_SEARCH_USER_PATHS = NO;
				CLANG_ANALYZER_NONNULL = YES;
				CLANG_CXX_LANGUAGE_STANDARD = "gnu++0x";
				CLANG_CXX_LIBRARY = "libc++";
				CLANG_ENABLE_MODULES = YES;
				CLANG_ENABLE_OBJC_ARC = YES;
				CLANG_WARN_BOOL_CONVERSION = YES;
				CLANG_WARN_CONSTANT_CONVERSION = YES;
				CLANG_WARN_DIRECT_OBJC_ISA_USAGE = YES_ERROR;
				CLANG_WARN_DOCUMENTATION_COMMENTS = YES;
				CLANG_WARN_EMPTY_BODY = YES;
				CLANG_WARN_ENUM_CONVERSION = YES;
				CLANG_WARN_INFINITE_RECURSION = YES;
				CLANG_WARN_INT_CONVERSION = YES;
				CLANG_WARN_OBJC_ROOT_CLASS = YES_ERROR;
				CLANG_WARN_SUSPICIOUS_MOVE = YES;
				CLANG_WARN_SUSPICIOUS_MOVES = YES;
				CLANG_WARN_UNREACHABLE_CODE = YES;
				CLANG_WARN__DUPLICATE_METHOD_MATCH = YES;
				"CODE_SIGN_IDENTITY[sdk=iphoneos*]" = "iPhone Developer";
				COPY_PHASE_STRIP = NO;
				DEBUG_INFORMATION_FORMAT = "dwarf-with-dsym";
				ENABLE_NS_ASSERTIONS = NO;
				ENABLE_STRICT_OBJC_MSGSEND = YES;
				GCC_C_LANGUAGE_STANDARD = gnu99;
				GCC_NO_COMMON_BLOCKS = YES;
				GCC_WARN_64_TO_32_BIT_CONVERSION = YES;
				GCC_WARN_ABOUT_RETURN_TYPE = YES_ERROR;
				GCC_WARN_UNDECLARED_SELECTOR = YES;
				GCC_WARN_UNINITIALIZED_AUTOS = YES_AGGRESSIVE;
				GCC_WARN_UNUSED_FUNCTION = YES;
				GCC_WARN_UNUSED_VARIABLE = YES;
				IPHONEOS_DEPLOYMENT_TARGET = 9.0;
				MTL_ENABLE_DEBUG_INFO = NO;
				SDKROOT = iphoneos;
				SWIFT_OPTIMIZATION_LEVEL = "-Owholemodule";
				VALIDATE_PRODUCT = YES;
			};
			name = Release;
		};
		04283BC21DC1EB4A0064828E /* Debug */ = {
			isa = XCBuildConfiguration;
			buildSettings = {
				ASSETCATALOG_COMPILER_APPICON_NAME = AppIcon;
				ASSETCATALOG_COMPILER_LAUNCHIMAGE_NAME = "Brand Assets";
				INFOPLIST_FILE = huacaizhibo/Info.plist;
				LD_RUNPATH_SEARCH_PATHS = "$(inherited) @executable_path/Frameworks";
				PRODUCT_BUNDLE_IDENTIFIER = com.hou.huacaizhibo;
				PRODUCT_NAME = "$(TARGET_NAME)";
				SWIFT_VERSION = 3.0;
			};
			name = Debug;
		};
		04283BC31DC1EB4A0064828E /* Release */ = {
			isa = XCBuildConfiguration;
			buildSettings = {
				ASSETCATALOG_COMPILER_APPICON_NAME = AppIcon;
				ASSETCATALOG_COMPILER_LAUNCHIMAGE_NAME = "Brand Assets";
				INFOPLIST_FILE = huacaizhibo/Info.plist;
				LD_RUNPATH_SEARCH_PATHS = "$(inherited) @executable_path/Frameworks";
				PRODUCT_BUNDLE_IDENTIFIER = com.hou.huacaizhibo;
				PRODUCT_NAME = "$(TARGET_NAME)";
				SWIFT_VERSION = 3.0;
			};
			name = Release;
		};
/* End XCBuildConfiguration section */

/* Begin XCConfigurationList section */
		04283BAA1DC1EB4A0064828E /* Build configuration list for PBXProject "huacaizhibo" */ = {
			isa = XCConfigurationList;
			buildConfigurations = (
				04283BBF1DC1EB4A0064828E /* Debug */,
				04283BC01DC1EB4A0064828E /* Release */,
			);
			defaultConfigurationIsVisible = 0;
			defaultConfigurationName = Release;
		};
		04283BC11DC1EB4A0064828E /* Build configuration list for PBXNativeTarget "huacaizhibo" */ = {
			isa = XCConfigurationList;
			buildConfigurations = (
				04283BC21DC1EB4A0064828E /* Debug */,
				04283BC31DC1EB4A0064828E /* Release */,
			);
			defaultConfigurationIsVisible = 0;
			defaultConfigurationName = Release;
		};
/* End XCConfigurationList section */
	};
	rootObject = 04283BA71DC1EB4A0064828E /* Project object */;
}
